
Microsoft Visual Studio Solution File, Format Version 12.00
# Visual Studio Version 17
VisualStudioVersion = 17.6.33815.320
MinimumVisualStudioVersion = 10.0.40219.1
Project("{FAE04EC0-301F-11D3-BF4B-00C04F79EFBC}") = "MyTelegramProject", "MyTelegramProject.csproj", "{DD2C3EB1-7353-40E9-9E3E-5AC5982D3BA1}"
EndProject
Global
	GlobalSection(SolutionConfigurationPlatforms) = preSolution
		Debug|Any CPU = Debug|Any CPU
		Release|Any CPU = Release|Any CPU
	EndGlobalSection
	GlobalSection(ProjectConfigurationPlatforms) = postSolution
		{DD2C3EB1-7353-40E9-9E3E-5AC5982D3BA1}.Debug|Any CPU.ActiveCfg = Debug|Any CPU
		{DD2C3EB1-7353-40E9-9E3E-5AC5982D3BA1}.Debug|Any CPU.Build.0 = Debug|Any CPU
		{DD2C3EB1-7353-40E9-9E3E-5AC5982D3BA1}.Release|Any CPU.ActiveCfg = Release|Any CPU
		{DD2C3EB1-7353-40E9-9E3E-5AC5982D3BA1}.Release|Any CPU.Build.0 = Release|Any CPU
	EndGlobalSection
	GlobalSection(SolutionProperties) = preSolution
		HideSolutionNode = FALSE
	EndGlobalSection
	GlobalSection(ExtensibilityGlobals) = postSolution
		SolutionGuid = {BDA37B81-3275-432B-A183-D0B862E8DE7E}
	EndGlobalSection
EndGlobal
